PODS:
  - camera_avfoundation (0.0.1):
    - Flutter
  - Flutter (1.0.0)
  - image_picker_ios (0.0.1):
    - Flutter
  - LibTorch (1.8.0):
    - LibTorch/Core (= 1.8.0)
  - LibTorch/Core (1.8.0):
    - LibTorch/Torch
  - LibTorch/Torch (1.8.0)
  - path_provider_foundation (0.0.1):
    - Flutter
    - FlutterMacOS
  - pytorch_lite (0.0.1):
    - Flutter
    - LibTorch (~> 1.8.0)

DEPENDENCIES:
  - camera_avfoundation (from `.symlinks/plugins/camera_avfoundation/ios`)
  - Flutter (from `Flutter`)
  - image_picker_ios (from `.symlinks/plugins/image_picker_ios/ios`)
  - path_provider_foundation (from `.symlinks/plugins/path_provider_foundation/darwin`)
  - pytorch_lite (from `.symlinks/plugins/pytorch_lite/ios`)

SPEC REPOS:
  trunk:
    - LibTorch

EXTERNAL SOURCES:
  camera_avfoundation:
    :path: ".symlinks/plugins/camera_avfoundation/ios"
  Flutter:
    :path: Flutter
  image_picker_ios:
    :path: ".symlinks/plugins/image_picker_ios/ios"
  path_provider_foundation:
    :path: ".symlinks/plugins/path_provider_foundation/darwin"
  pytorch_lite:
    :path: ".symlinks/plugins/pytorch_lite/ios"

SPEC CHECKSUMS:
  camera_avfoundation: 3125e8cd1a4387f6f31c6c63abb8a55892a9eeeb
  Flutter: f04841e97a9d0b0a8025694d0796dd46242b2854
  image_picker_ios: 4a8aadfbb6dc30ad5141a2ce3832af9214a705b5
  LibTorch: d7724112589515bedd5eadf14a9db5b1d62d8a34
  path_provider_foundation: eaf5b3e458fc0e5fbb9940fb09980e853fe058b8
  pytorch_lite: aa659021a32e3fad71b3f60d43b764bea81979ea

PODFILE CHECKSUM: 7be2f5f74864d463a8ad433546ed1de7e0f29aef

COCOAPODS: 1.12.1
